
Microsoft Visual Studio Solution File, Format Version 12.00
# Visual Studio 2013
VisualStudioVersion = 12.0.21005.1
MinimumVisualStudioVersion = 10.0.40219.1
Project("{FAE04EC0-301F-11D3-BF4B-00C04F79EFBC}") = "HackathonFoShiz", "HackathonFoShiz\HackathonFoShiz.csproj", "{65631EC4-9127-46F4-ACF9-F6DCEE7BE82E}"
EndProject
Project("{FAE04EC0-301F-11D3-BF4B-00C04F79EFBC}") = "HackathonFoShiz.Tests", "HackathonFoShiz.Tests\HackathonFoShiz.Tests.csproj", "{12F54D1C-F95A-4CD6-9D74-467B27A807A3}"
EndProject
Global
	GlobalSection(SolutionConfigurationPlatforms) = preSolution
		Debug|Any CPU = Debug|Any CPU
		Release|Any CPU = Release|Any CPU
	EndGlobalSection
	GlobalSection(ProjectConfigurationPlatforms) = postSolution
		{65631EC4-9127-46F4-ACF9-F6DCEE7BE82E}.Debug|Any CPU.ActiveCfg = Debug|Any CPU
		{65631EC4-9127-46F4-ACF9-F6DCEE7BE82E}.Debug|Any CPU.Build.0 = Debug|Any CPU
		{65631EC4-9127-46F4-ACF9-F6DCEE7BE82E}.Release|Any CPU.ActiveCfg = Release|Any CPU
		{65631EC4-9127-46F4-ACF9-F6DCEE7BE82E}.Release|Any CPU.Build.0 = Release|Any CPU
		{12F54D1C-F95A-4CD6-9D74-467B27A807A3}.Debug|Any CPU.ActiveCfg = Debug|Any CPU
		{12F54D1C-F95A-4CD6-9D74-467B27A807A3}.Debug|Any CPU.Build.0 = Debug|Any CPU
		{12F54D1C-F95A-4CD6-9D74-467B27A807A3}.Release|Any CPU.ActiveCfg = Release|Any CPU
		{12F54D1C-F95A-4CD6-9D74-467B27A807A3}.Release|Any CPU.Build.0 = Release|Any CPU
	EndGlobalSection
	GlobalSection(SolutionProperties) = preSolution
		HideSolutionNode = FALSE
	EndGlobalSection
EndGlobal
